
Microsoft Visual Studio Solution File, Format Version 12.00
# Visual Studio Version 17
VisualStudioVersion = 17.8.34316.72
MinimumVisualStudioVersion = 10.0.40219.1
Project("{FAE04EC0-301F-11D3-BF4B-00C04F79EFBC}") = "final project final program", "final project final program\final project final program.csproj", "{7145349C-2E5B-409F-AF20-A78F1EC408D6}"
EndProject
Global
	GlobalSection(SolutionConfigurationPlatforms) = preSolution
		Debug|Any CPU = Debug|Any CPU
		Release|Any CPU = Release|Any CPU
	EndGlobalSection
	GlobalSection(ProjectConfigurationPlatforms) = postSolution
		{7145349C-2E5B-409F-AF20-A78F1EC408D6}.Debug|Any CPU.ActiveCfg = Debug|Any CPU
		{7145349C-2E5B-409F-AF20-A78F1EC408D6}.Debug|Any CPU.Build.0 = Debug|Any CPU
		{7145349C-2E5B-409F-AF20-A78F1EC408D6}.Release|Any CPU.ActiveCfg = Release|Any CPU
		{7145349C-2E5B-409F-AF20-A78F1EC408D6}.Release|Any CPU.Build.0 = Release|Any CPU
	EndGlobalSection
	GlobalSection(SolutionProperties) = preSolution
		HideSolutionNode = FALSE
	EndGlobalSection
	GlobalSection(ExtensibilityGlobals) = postSolution
		SolutionGuid = {54B18D3E-589A-4E9F-90AD-3FA8F46FE421}
	EndGlobalSection
EndGlobal
